// !$*UTF8*$!
{
	archiveVersion = 1;
	classes = {
	};
	objectVersion = 56;
	objects = {

/* Begin PBXBuildFile section */
		0C03355D2C7B751500CCE0CB /* SkiResortTest.swift in Sources */ = {isa = PBXBuildFile; fileRef = 0C03355C2C7B751500CCE0CB /* SkiResortTest.swift */; };
		0C03355F2C7B8C0600CCE0CB /* ImageManager.swift in Sources */ = {isa = PBXBuildFile; fileRef = 0C03355E2C7B8C0600CCE0CB /* ImageManager.swift */; };
		0C0BF46E2ACFEF9D00FBE18B /* HotelsViewController.swift in Sources */ = {isa = PBXBuildFile; fileRef = 0C0BF46D2ACFEF9D00FBE18B /* HotelsViewController.swift */; };
		0C0BF4702ACFF7FF00FBE18B /* AllHotels.swift in Sources */ = {isa = PBXBuildFile; fileRef = 0C0BF46F2ACFF7FF00FBE18B /* AllHotels.swift */; };
		0C0BF4722ACFF89600FBE18B /* RentViewController.swift in Sources */ = {isa = PBXBuildFile; fileRef = 0C0BF4712ACFF89600FBE18B /* RentViewController.swift */; };
		0C0BF4742ACFF9A200FBE18B /* AllRents.swift in Sources */ = {isa = PBXBuildFile; fileRef = 0C0BF4732ACFF9A200FBE18B /* AllRents.swift */; };
		0C0CD1492AB43E780098696C /* SheregeshHotels.swift in Sources */ = {isa = PBXBuildFile; fileRef = 0C0CD1482AB43E780098696C /* SheregeshHotels.swift */; };
		0C0CD14C2AB45A220098696C /* HotelsCollectionViewCell.swift in Sources */ = {isa = PBXBuildFile; fileRef = 0C0CD14B2AB45A220098696C /* HotelsCollectionViewCell.swift */; };
		0C0F18462B9DE4140009E020 /* ArhyzSkiResort.swift in Sources */ = {isa = PBXBuildFile; fileRef = 0C0F18452B9DE4140009E020 /* ArhyzSkiResort.swift */; };
		0C0F18482B9DE4360009E020 /* DombaiSkiResort.swift in Sources */ = {isa = PBXBuildFile; fileRef = 0C0F18472B9DE4360009E020 /* DombaiSkiResort.swift */; };
		0C1250282AC29499008D4BCF /* ArhyzRent.swift in Sources */ = {isa = PBXBuildFile; fileRef = 0C1250272AC29499008D4BCF /* ArhyzRent.swift */; };
		0C1DC26D29AB92DF004F3FDC /* CustomTextField.swift in Sources */ = {isa = PBXBuildFile; fileRef = 0C1DC26C29AB92DF004F3FDC /* CustomTextField.swift */; };
		0C1DC26F29ABB802004F3FDC /* CustomButtons.swift in Sources */ = {isa = PBXBuildFile; fileRef = 0C1DC26E29ABB802004F3FDC /* CustomButtons.swift */; };
		0C23022E2AC3CE5800074B48 /* SettingsViewController.swift in Sources */ = {isa = PBXBuildFile; fileRef = 0C23022D2AC3CE5800074B48 /* SettingsViewController.swift */; };
		0C25D39C2B97095F0067183A /* SkiResotViewController.swift in Sources */ = {isa = PBXBuildFile; fileRef = 0C25D39B2B97095F0067183A /* SkiResotViewController.swift */; };
		0C25D3A72B9770BF0067183A /* ModelSkiResort.swift in Sources */ = {isa = PBXBuildFile; fileRef = 0C25D3A62B9770BF0067183A /* ModelSkiResort.swift */; };
		0C2E0F282B1319B100B497A7 /* ElbrusRegionPrice.swift in Sources */ = {isa = PBXBuildFile; fileRef = 0C2E0F272B1319B100B497A7 /* ElbrusRegionPrice.swift */; };
		0C2E0F2A2B1319BC00B497A7 /* ElbrusRegionTimeWork.swift in Sources */ = {isa = PBXBuildFile; fileRef = 0C2E0F292B1319BC00B497A7 /* ElbrusRegionTimeWork.swift */; };
		0C2E0F2E2B1319D200B497A7 /* ElbrusRegionHotels.swift in Sources */ = {isa = PBXBuildFile; fileRef = 0C2E0F2D2B1319D200B497A7 /* ElbrusRegionHotels.swift */; };
		0C2E0F302B1319DB00B497A7 /* ElbrusRegionRent.swift in Sources */ = {isa = PBXBuildFile; fileRef = 0C2E0F2F2B1319DB00B497A7 /* ElbrusRegionRent.swift */; };
		0C341B072ABC181D00A7595F /* DombaiHotelsVC.swift in Sources */ = {isa = PBXBuildFile; fileRef = 0C341B062ABC181D00A7595F /* DombaiHotelsVC.swift */; };
		0C341B0D2ABC22FB00A7595F /* DombaiRent.swift in Sources */ = {isa = PBXBuildFile; fileRef = 0C341B0C2ABC22FB00A7595F /* DombaiRent.swift */; };
		0C341B132ABC37F900A7595F /* ArhyzHotels.swift in Sources */ = {isa = PBXBuildFile; fileRef = 0C341B122ABC37F900A7595F /* ArhyzHotels.swift */; };
		0C43E8D229FD3B6400C3980D /* ChoiceOfSkiResortCell.swift in Sources */ = {isa = PBXBuildFile; fileRef = 0C43E8D129FD3B6400C3980D /* ChoiceOfSkiResortCell.swift */; };
		0C46D0C02AF4B23D002A2A11 /* BigWoodPrice.swift in Sources */ = {isa = PBXBuildFile; fileRef = 0C46D0BF2AF4B23D002A2A11 /* BigWoodPrice.swift */; };
		0C46D0C22AF4C720002A2A11 /* BigWoodTimeWork.swift in Sources */ = {isa = PBXBuildFile; fileRef = 0C46D0C12AF4C720002A2A11 /* BigWoodTimeWork.swift */; };
		0C48538E2A67945100B245FC /* RosaKhutorTimeWork.swift in Sources */ = {isa = PBXBuildFile; fileRef = 0C48538D2A67945100B245FC /* RosaKhutorTimeWork.swift */; };
		0C4853922A67B1E400B245FC /* DombaiPrice.swift in Sources */ = {isa = PBXBuildFile; fileRef = 0C4853912A67B1E400B245FC /* DombaiPrice.swift */; };
		0C4853982A67B6C000B245FC /* ArhyzPrice.swift in Sources */ = {isa = PBXBuildFile; fileRef = 0C4853972A67B6C000B245FC /* ArhyzPrice.swift */; };
		0C584F8C29B4C89100A5A8EC /* AlertManager.swift in Sources */ = {isa = PBXBuildFile; fileRef = 0C584F8B29B4C89100A5A8EC /* AlertManager.swift */; };
		0C61E3362A6D093C0088372E /* TimeWorkTableViewCell.swift in Sources */ = {isa = PBXBuildFile; fileRef = 0C61E3352A6D093C0088372E /* TimeWorkTableViewCell.swift */; };
		0C7539FE2ACA790200651FA0 /* YBaseMapView.swift in Sources */ = {isa = PBXBuildFile; fileRef = 0C7539FD2ACA790200651FA0 /* YBaseMapView.swift */; };
		0C753A002ACBB9F800651FA0 /* MapViewController.swift in Sources */ = {isa = PBXBuildFile; fileRef = 0C7539FF2ACBB9F800651FA0 /* MapViewController.swift */; };
		0C7B4EBE2B9DB98300042A83 /* AllInfo.swift in Sources */ = {isa = PBXBuildFile; fileRef = 0C7B4EBD2B9DB98300042A83 /* AllInfo.swift */; };
		0C7B4EC02B9DB9E900042A83 /* RosaKhutorSkiResort.swift in Sources */ = {isa = PBXBuildFile; fileRef = 0C7B4EBF2B9DB9E900042A83 /* RosaKhutorSkiResort.swift */; };
		0C7B4EC62B9DD75500042A83 /* BigWoodSkiResort.swift in Sources */ = {isa = PBXBuildFile; fileRef = 0C7B4EC52B9DD75500042A83 /* BigWoodSkiResort.swift */; };
		0C7B4EC82B9DD89900042A83 /* ElbrusSkiResort.swift in Sources */ = {isa = PBXBuildFile; fileRef = 0C7B4EC72B9DD89900042A83 /* ElbrusSkiResort.swift */; };
		0C850E8C29AE446E00C6AB10 /* WebViewerController.swift in Sources */ = {isa = PBXBuildFile; fileRef = 0C850E8B29AE446E00C6AB10 /* WebViewerController.swift */; };
		0C87396029BDB61B0007CFC3 /* LoginUserRequest.swift in Sources */ = {isa = PBXBuildFile; fileRef = 0C87395F29BDB61B0007CFC3 /* LoginUserRequest.swift */; };
		0C87396229BDDCF00007CFC3 /* Validator.swift in Sources */ = {isa = PBXBuildFile; fileRef = 0C87396129BDDCF00007CFC3 /* Validator.swift */; };
		0C899C792A03E8820038542E /* HomeViewController.swift in Sources */ = {isa = PBXBuildFile; fileRef = 0C899C782A03E8820038542E /* HomeViewController.swift */; };
		0C8FC40C2A68E50E002FDD45 /* DombaiTimeWork.swift in Sources */ = {isa = PBXBuildFile; fileRef = 0C8FC40B2A68E50E002FDD45 /* DombaiTimeWork.swift */; };
		0C8FC4102A68E9F0002FDD45 /* ArhyzTimeWork.swift in Sources */ = {isa = PBXBuildFile; fileRef = 0C8FC40F2A68E9F0002FDD45 /* ArhyzTimeWork.swift */; };
		0C8FC4142A6D069C002FDD45 /* PriceTableViewCell.swift in Sources */ = {isa = PBXBuildFile; fileRef = 0C8FC4132A6D069C002FDD45 /* PriceTableViewCell.swift */; };
		0CA50CB429D2E6330094C74C /* CustomLabel.swift in Sources */ = {isa = PBXBuildFile; fileRef = 0CA50CB329D2E6330094C74C /* CustomLabel.swift */; };
		0CA5FC0C2B0100A100FD2B21 /* TimeTableViewController.swift in Sources */ = {isa = PBXBuildFile; fileRef = 0CA5FC0B2B0100A100FD2B21 /* TimeTableViewController.swift */; };
		0CA5FC0E2B0100AF00FD2B21 /* PriceTableViewController.swift in Sources */ = {isa = PBXBuildFile; fileRef = 0CA5FC0D2B0100AF00FD2B21 /* PriceTableViewController.swift */; };
		0CA5FC102B0100D000FD2B21 /* AllTimeWork.swift in Sources */ = {isa = PBXBuildFile; fileRef = 0CA5FC0F2B0100D000FD2B21 /* AllTimeWork.swift */; };
		0CA5FC122B0100DC00FD2B21 /* AllPrice.swift in Sources */ = {isa = PBXBuildFile; fileRef = 0CA5FC112B0100DC00FD2B21 /* AllPrice.swift */; };
		0CA5FC142B01014700FD2B21 /* BigWoodHotels.swift in Sources */ = {isa = PBXBuildFile; fileRef = 0CA5FC132B01014700FD2B21 /* BigWoodHotels.swift */; };
		0CA5FC162B01015700FD2B21 /* BigWoodRent.swift in Sources */ = {isa = PBXBuildFile; fileRef = 0CA5FC152B01015700FD2B21 /* BigWoodRent.swift */; };
		0CABCB6B2A113B4400620FE4 /* extension.swift in Sources */ = {isa = PBXBuildFile; fileRef = 0CABCB6A2A113B4400620FE4 /* extension.swift */; };
		0CBC54B42A10BC2800B1B6A9 /* NetworkModel.swift in Sources */ = {isa = PBXBuildFile; fileRef = 0CBC54B32A10BC2800B1B6A9 /* NetworkModel.swift */; };
		0CBC54B62A10C15100B1B6A9 /* NetworkManager.swift in Sources */ = {isa = PBXBuildFile; fileRef = 0CBC54B52A10C15100B1B6A9 /* NetworkManager.swift */; };
		0CBC54B82A10C2DB00B1B6A9 /* API.swift in Sources */ = {isa = PBXBuildFile; fileRef = 0CBC54B72A10C2DB00B1B6A9 /* API.swift */; };
		0CD0FAA229AB3667000E76E8 /* AppDelegate.swift in Sources */ = {isa = PBXBuildFile; fileRef = 0CD0FAA129AB3667000E76E8 /* AppDelegate.swift */; };
		0CD0FAA429AB3667000E76E8 /* SceneDelegate.swift in Sources */ = {isa = PBXBuildFile; fileRef = 0CD0FAA329AB3667000E76E8 /* SceneDelegate.swift */; };
		0CD0FAAB29AB3668000E76E8 /* Assets.xcassets in Resources */ = {isa = PBXBuildFile; fileRef = 0CD0FAAA29AB3668000E76E8 /* Assets.xcassets */; };
		0CD0FAAE29AB3668000E76E8 /* LaunchScreen.storyboard in Resources */ = {isa = PBXBuildFile; fileRef = 0CD0FAAC29AB3668000E76E8 /* LaunchScreen.storyboard */; };
		0CD0FAB929AB36F5000E76E8 /* RegiserUserRequest.swift in Sources */ = {isa = PBXBuildFile; fileRef = 0CD0FAB829AB36F5000E76E8 /* RegiserUserRequest.swift */; };
		0CD0FABB29AB3739000E76E8 /* AuthService.swift in Sources */ = {isa = PBXBuildFile; fileRef = 0CD0FABA29AB3739000E76E8 /* AuthService.swift */; };
		0CD0FABD29AB3888000E76E8 /* GoogleService-Info.plist in Resources */ = {isa = PBXBuildFile; fileRef = 0CD0FABC29AB3888000E76E8 /* GoogleService-Info.plist */; };
		0CD0FABF29AB49F2000E76E8 /* LoginController.swift in Sources */ = {isa = PBXBuildFile; fileRef = 0CD0FABE29AB49F2000E76E8 /* LoginController.swift */; };
		0CD0FAC129AB4A20000E76E8 /* ForgotPasswordController.swift in Sources */ = {isa = PBXBuildFile; fileRef = 0CD0FAC029AB4A20000E76E8 /* ForgotPasswordController.swift */; };
		0CD0FAC529AB4A4F000E76E8 /* RegisterController.swift in Sources */ = {isa = PBXBuildFile; fileRef = 0CD0FAC429AB4A4F000E76E8 /* RegisterController.swift */; };
		0CD0FACC29AB4CAA000E76E8 /* AuthHeaderView.swift in Sources */ = {isa = PBXBuildFile; fileRef = 0CD0FACB29AB4CAA000E76E8 /* AuthHeaderView.swift */; };
		0CD447552A66342100021DD4 /* SheregeshPrice.swift in Sources */ = {isa = PBXBuildFile; fileRef = 0CD447542A66342100021DD4 /* SheregeshPrice.swift */; };
		0CD4475B2A666B9500021DD4 /* RosaKhutorPrice.swift in Sources */ = {isa = PBXBuildFile; fileRef = 0CD4475A2A666B9500021DD4 /* RosaKhutorPrice.swift */; };
		0CD4475D2A66773300021DD4 /* SheregeshTimeWork.swift in Sources */ = {isa = PBXBuildFile; fileRef = 0CD4475C2A66773300021DD4 /* SheregeshTimeWork.swift */; };
		0CDBE0EF2AB97611009EAF9F /* SheregeshRent.swift in Sources */ = {isa = PBXBuildFile; fileRef = 0CDBE0EE2AB97611009EAF9F /* SheregeshRent.swift */; };
		0CE7A2F12AB209F500A9AA91 /* InfrastructureInformationCell.swift in Sources */ = {isa = PBXBuildFile; fileRef = 0CE7A2F02AB209F500A9AA91 /* InfrastructureInformationCell.swift */; };
		0CE882FB2AD685800087C3EA /* NetworkTest.swift in Sources */ = {isa = PBXBuildFile; fileRef = 0CE882FA2AD685800087C3EA /* NetworkTest.swift */; };
		0CF2F41629E1429800C82D57 /* SkiResorts.swift in Sources */ = {isa = PBXBuildFile; fileRef = 0CF2F41529E1429800C82D57 /* SkiResorts.swift */; };
		0CFC68902ACD39B800AA38EB /* RosaKhutorHotels.swift in Sources */ = {isa = PBXBuildFile; fileRef = 0CFC688F2ACD39B800AA38EB /* RosaKhutorHotels.swift */; };
		0CFC68922ACD39FA00AA38EB /* RosaKhutorRent.swift in Sources */ = {isa = PBXBuildFile; fileRef = 0CFC68912ACD39FA00AA38EB /* RosaKhutorRent.swift */; };
		0CFDA63729BE223A00B7C6C4 /* User.swift in Sources */ = {isa = PBXBuildFile; fileRef = 0CFDA63629BE223A00B7C6C4 /* User.swift */; };
		0CFF06912B9C8FA000D0DD42 /* InfoGroup.swift in Sources */ = {isa = PBXBuildFile; fileRef = 0CFF06902B9C8FA000D0DD42 /* InfoGroup.swift */; };
		0CFF06932B9C8FF500D0DD42 /* SheregeshSkiResort.swift in Sources */ = {isa = PBXBuildFile; fileRef = 0CFF06922B9C8FF500D0DD42 /* SheregeshSkiResort.swift */; };
		FE3616039948CE99AC241D1C /* Pods_Snowboarding.framework in Frameworks */ = {isa = PBXBuildFile; fileRef = CF20CBD2D6A77472EC57EF91 /* Pods_Snowboarding.framework */; };
/* End PBXBuildFile section */

/* Begin PBXFileReference section */
		0C03355C2C7B751500CCE0CB /* SkiResortTest.swift */ = {isa = PBXFileReference; lastKnownFileType = sourcecode.swift; path = SkiResortTest.swift; sourceTree = "<group>"; };
		0C03355E2C7B8C0600CCE0CB /* ImageManager.swift */ = {isa = PBXFileReference; lastKnownFileType = sourcecode.swift; path = ImageManager.swift; sourceTree = "<group>"; };
		0C0BF46D2ACFEF9D00FBE18B /* HotelsViewController.swift */ = {isa = PBXFileReference; lastKnownFileType = sourcecode.swift; path = HotelsViewController.swift; sourceTree = "<group>"; };
		0C0BF46F2ACFF7FF00FBE18B /* AllHotels.swift */ = {isa = PBXFileReference; lastKnownFileType = sourcecode.swift; path = AllHotels.swift; sourceTree = "<group>"; };
		0C0BF4712ACFF89600FBE18B /* RentViewController.swift */ = {isa = PBXFileReference; lastKnownFileType = sourcecode.swift; path = RentViewController.swift; sourceTree = "<group>"; };
		0C0BF4732ACFF9A200FBE18B /* AllRents.swift */ = {isa = PBXFileReference; lastKnownFileType = sourcecode.swift; path = AllRents.swift; sourceTree = "<group>"; };
		0C0CD1482AB43E780098696C /* SheregeshHotels.swift */ = {isa = PBXFileReference; lastKnownFileType = sourcecode.swift; path = SheregeshHotels.swift; sourceTree = "<group>"; };
		0C0CD14B2AB45A220098696C /* HotelsCollectionViewCell.swift */ = {isa = PBXFileReference; lastKnownFileType = sourcecode.swift; path = HotelsCollectionViewCell.swift; sourceTree = "<group>"; };
		0C0F18452B9DE4140009E020 /* ArhyzSkiResort.swift */ = {isa = PBXFileReference; lastKnownFileType = sourcecode.swift; path = ArhyzSkiResort.swift; sourceTree = "<group>"; };
		0C0F18472B9DE4360009E020 /* DombaiSkiResort.swift */ = {isa = PBXFileReference; lastKnownFileType = sourcecode.swift; path = DombaiSkiResort.swift; sourceTree = "<group>"; };
		0C1250272AC29499008D4BCF /* ArhyzRent.swift */ = {isa = PBXFileReference; lastKnownFileType = sourcecode.swift; path = ArhyzRent.swift; sourceTree = "<group>"; };
		0C1DC26C29AB92DF004F3FDC /* CustomTextField.swift */ = {isa = PBXFileReference; lastKnownFileType = sourcecode.swift; path = CustomTextField.swift; sourceTree = "<group>"; };
		0C1DC26E29ABB802004F3FDC /* CustomButtons.swift */ = {isa = PBXFileReference; lastKnownFileType = sourcecode.swift; path = CustomButtons.swift; sourceTree = "<group>"; };
		0C23022D2AC3CE5800074B48 /* SettingsViewController.swift */ = {isa = PBXFileReference; lastKnownFileType = sourcecode.swift; path = SettingsViewController.swift; sourceTree = "<group>"; };
		0C25D39B2B97095F0067183A /* SkiResotViewController.swift */ = {isa = PBXFileReference; lastKnownFileType = sourcecode.swift; path = SkiResotViewController.swift; sourceTree = "<group>"; };
		0C25D3A62B9770BF0067183A /* ModelSkiResort.swift */ = {isa = PBXFileReference; lastKnownFileType = sourcecode.swift; path = ModelSkiResort.swift; sourceTree = "<group>"; };
		0C2E0F272B1319B100B497A7 /* ElbrusRegionPrice.swift */ = {isa = PBXFileReference; lastKnownFileType = sourcecode.swift; path = ElbrusRegionPrice.swift; sourceTree = "<group>"; };
		0C2E0F292B1319BC00B497A7 /* ElbrusRegionTimeWork.swift */ = {isa = PBXFileReference; lastKnownFileType = sourcecode.swift; path = ElbrusRegionTimeWork.swift; sourceTree = "<group>"; };
		0C2E0F2D2B1319D200B497A7 /* ElbrusRegionHotels.swift */ = {isa = PBXFileReference; lastKnownFileType = sourcecode.swift; path = ElbrusRegionHotels.swift; sourceTree = "<group>"; };
		0C2E0F2F2B1319DB00B497A7 /* ElbrusRegionRent.swift */ = {isa = PBXFileReference; lastKnownFileType = sourcecode.swift; path = ElbrusRegionRent.swift; sourceTree = "<group>"; };
		0C341B062ABC181D00A7595F /* DombaiHotelsVC.swift */ = {isa = PBXFileReference; lastKnownFileType = sourcecode.swift; path = DombaiHotelsVC.swift; sourceTree = "<group>"; };
		0C341B0C2ABC22FB00A7595F /* DombaiRent.swift */ = {isa = PBXFileReference; lastKnownFileType = sourcecode.swift; path = DombaiRent.swift; sourceTree = "<group>"; };
		0C341B122ABC37F900A7595F /* ArhyzHotels.swift */ = {isa = PBXFileReference; lastKnownFileType = sourcecode.swift; path = ArhyzHotels.swift; sourceTree = "<group>"; };
		0C43E8D129FD3B6400C3980D /* ChoiceOfSkiResortCell.swift */ = {isa = PBXFileReference; lastKnownFileType = sourcecode.swift; path = ChoiceOfSkiResortCell.swift; sourceTree = "<group>"; };
		0C46D0BF2AF4B23D002A2A11 /* BigWoodPrice.swift */ = {isa = PBXFileReference; lastKnownFileType = sourcecode.swift; path = BigWoodPrice.swift; sourceTree = "<group>"; };
		0C46D0C12AF4C720002A2A11 /* BigWoodTimeWork.swift */ = {isa = PBXFileReference; lastKnownFileType = sourcecode.swift; path = BigWoodTimeWork.swift; sourceTree = "<group>"; };
		0C48538D2A67945100B245FC /* RosaKhutorTimeWork.swift */ = {isa = PBXFileReference; lastKnownFileType = sourcecode.swift; path = RosaKhutorTimeWork.swift; sourceTree = "<group>"; };
		0C4853912A67B1E400B245FC /* DombaiPrice.swift */ = {isa = PBXFileReference; lastKnownFileType = sourcecode.swift; path = DombaiPrice.swift; sourceTree = "<group>"; };
		0C4853972A67B6C000B245FC /* ArhyzPrice.swift */ = {isa = PBXFileReference; lastKnownFileType = sourcecode.swift; path = ArhyzPrice.swift; sourceTree = "<group>"; };
		0C584F8B29B4C89100A5A8EC /* AlertManager.swift */ = {isa = PBXFileReference; lastKnownFileType = sourcecode.swift; path = AlertManager.swift; sourceTree = "<group>"; };
		0C5918B32A7A47DF00313D84 /* ru */ = {isa = PBXFileReference; lastKnownFileType = text.plist.strings; name = ru; path = ru.lproj/LaunchScreen.strings; sourceTree = "<group>"; };
		0C61E3352A6D093C0088372E /* TimeWorkTableViewCell.swift */ = {isa = PBXFileReference; lastKnownFileType = sourcecode.swift; path = TimeWorkTableViewCell.swift; sourceTree = "<group>"; };
		0C7539FD2ACA790200651FA0 /* YBaseMapView.swift */ = {isa = PBXFileReference; lastKnownFileType = sourcecode.swift; path = YBaseMapView.swift; sourceTree = "<group>"; };
		0C7539FF2ACBB9F800651FA0 /* MapViewController.swift */ = {isa = PBXFileReference; lastKnownFileType = sourcecode.swift; path = MapViewController.swift; sourceTree = "<group>"; };
		0C7B4EBD2B9DB98300042A83 /* AllInfo.swift */ = {isa = PBXFileReference; lastKnownFileType = sourcecode.swift; path = AllInfo.swift; sourceTree = "<group>"; };
		0C7B4EBF2B9DB9E900042A83 /* RosaKhutorSkiResort.swift */ = {isa = PBXFileReference; lastKnownFileType = sourcecode.swift; path = RosaKhutorSkiResort.swift; sourceTree = "<group>"; };
		0C7B4EC52B9DD75500042A83 /* BigWoodSkiResort.swift */ = {isa = PBXFileReference; lastKnownFileType = sourcecode.swift; path = BigWoodSkiResort.swift; sourceTree = "<group>"; };
		0C7B4EC72B9DD89900042A83 /* ElbrusSkiResort.swift */ = {isa = PBXFileReference; lastKnownFileType = sourcecode.swift; path = ElbrusSkiResort.swift; sourceTree = "<group>"; };
		0C850E8B29AE446E00C6AB10 /* WebViewerController.swift */ = {isa = PBXFileReference; lastKnownFileType = sourcecode.swift; path = WebViewerController.swift; sourceTree = "<group>"; };
		0C87395F29BDB61B0007CFC3 /* LoginUserRequest.swift */ = {isa = PBXFileReference; lastKnownFileType = sourcecode.swift; path = LoginUserRequest.swift; sourceTree = "<group>"; };
		0C87396129BDDCF00007CFC3 /* Validator.swift */ = {isa = PBXFileReference; lastKnownFileType = sourcecode.swift; path = Validator.swift; sourceTree = "<group>"; };
		0C899C782A03E8820038542E /* HomeViewController.swift */ = {isa = PBXFileReference; lastKnownFileType = sourcecode.swift; path = HomeViewController.swift; sourceTree = "<group>"; };
		0C8FC40B2A68E50E002FDD45 /* DombaiTimeWork.swift */ = {isa = PBXFileReference; lastKnownFileType = sourcecode.swift; path = DombaiTimeWork.swift; sourceTree = "<group>"; };
		0C8FC40F2A68E9F0002FDD45 /* ArhyzTimeWork.swift */ = {isa = PBXFileReference; lastKnownFileType = sourcecode.swift; path = ArhyzTimeWork.swift; sourceTree = "<group>"; };
		0C8FC4132A6D069C002FDD45 /* PriceTableViewCell.swift */ = {isa = PBXFileReference; lastKnownFileType = sourcecode.swift; path = PriceTableViewCell.swift; sourceTree = "<group>"; };
		0CA50CB329D2E6330094C74C /* CustomLabel.swift */ = {isa = PBXFileReference; lastKnownFileType = sourcecode.swift; path = CustomLabel.swift; sourceTree = "<group>"; };
		0CA5FC0B2B0100A100FD2B21 /* TimeTableViewController.swift */ = {isa = PBXFileReference; fileEncoding = 4; lastKnownFileType = sourcecode.swift; path = TimeTableViewController.swift; sourceTree = "<group>"; };
		0CA5FC0D2B0100AF00FD2B21 /* PriceTableViewController.swift */ = {isa = PBXFileReference; fileEncoding = 4; lastKnownFileType = sourcecode.swift; path = PriceTableViewController.swift; sourceTree = "<group>"; };
		0CA5FC0F2B0100D000FD2B21 /* AllTimeWork.swift */ = {isa = PBXFileReference; fileEncoding = 4; lastKnownFileType = sourcecode.swift; path = AllTimeWork.swift; sourceTree = "<group>"; };
		0CA5FC112B0100DC00FD2B21 /* AllPrice.swift */ = {isa = PBXFileReference; fileEncoding = 4; lastKnownFileType = sourcecode.swift; path = AllPrice.swift; sourceTree = "<group>"; };
		0CA5FC132B01014700FD2B21 /* BigWoodHotels.swift */ = {isa = PBXFileReference; fileEncoding = 4; lastKnownFileType = sourcecode.swift; path = BigWoodHotels.swift; sourceTree = "<group>"; };
		0CA5FC152B01015700FD2B21 /* BigWoodRent.swift */ = {isa = PBXFileReference; fileEncoding = 4; lastKnownFileType = sourcecode.swift; path = BigWoodRent.swift; sourceTree = "<group>"; };
		0CABCB6A2A113B4400620FE4 /* extension.swift */ = {isa = PBXFileReference; lastKnownFileType = sourcecode.swift; path = extension.swift; sourceTree = "<group>"; };
		0CBC54B32A10BC2800B1B6A9 /* NetworkModel.swift */ = {isa = PBXFileReference; lastKnownFileType = sourcecode.swift; path = NetworkModel.swift; sourceTree = "<group>"; };
		0CBC54B52A10C15100B1B6A9 /* NetworkManager.swift */ = {isa = PBXFileReference; lastKnownFileType = sourcecode.swift; path = NetworkManager.swift; sourceTree = "<group>"; };
		0CBC54B72A10C2DB00B1B6A9 /* API.swift */ = {isa = PBXFileReference; lastKnownFileType = sourcecode.swift; path = API.swift; sourceTree = "<group>"; };
		0CD0FA9E29AB3667000E76E8 /* Snowboarding.app */ = {isa = PBXFileReference; explicitFileType = wrapper.application; includeInIndex = 0; path = Snowboarding.app; sourceTree = BUILT_PRODUCTS_DIR; };
		0CD0FAA129AB3667000E76E8 /* AppDelegate.swift */ = {isa = PBXFileReference; lastKnownFileType = sourcecode.swift; path = AppDelegate.swift; sourceTree = "<group>"; };
		0CD0FAA329AB3667000E76E8 /* SceneDelegate.swift */ = {isa = PBXFileReference; lastKnownFileType = sourcecode.swift; path = SceneDelegate.swift; sourceTree = "<group>"; };
		0CD0FAAA29AB3668000E76E8 /* Assets.xcassets */ = {isa = PBXFileReference; lastKnownFileType = folder.assetcatalog; path = Assets.xcassets; sourceTree = "<group>"; };
		0CD0FAAD29AB3668000E76E8 /* Base */ = {isa = PBXFileReference; lastKnownFileType = file.storyboard; name = Base; path = Base.lproj/LaunchScreen.storyboard; sourceTree = "<group>"; };
		0CD0FAAF29AB3668000E76E8 /* Info.plist */ = {isa = PBXFileReference; lastKnownFileType = text.plist.xml; path = Info.plist; sourceTree = "<group>"; };
		0CD0FAB829AB36F5000E76E8 /* RegiserUserRequest.swift */ = {isa = PBXFileReference; lastKnownFileType = sourcecode.swift; path = RegiserUserRequest.swift; sourceTree = "<group>"; };
		0CD0FABA29AB3739000E76E8 /* AuthService.swift */ = {isa = PBXFileReference; lastKnownFileType = sourcecode.swift; path = AuthService.swift; sourceTree = "<group>"; };
		0CD0FABC29AB3888000E76E8 /* GoogleService-Info.plist */ = {isa = PBXFileReference; fileEncoding = 4; lastKnownFileType = text.plist.xml; path = "GoogleService-Info.plist"; sourceTree = "<group>"; };
		0CD0FABE29AB49F2000E76E8 /* LoginController.swift */ = {isa = PBXFileReference; lastKnownFileType = sourcecode.swift; path = LoginController.swift; sourceTree = "<group>"; };
		0CD0FAC029AB4A20000E76E8 /* ForgotPasswordController.swift */ = {isa = PBXFileReference; lastKnownFileType = sourcecode.swift; path = ForgotPasswordController.swift; sourceTree = "<group>"; };
		0CD0FAC429AB4A4F000E76E8 /* RegisterController.swift */ = {isa = PBXFileReference; lastKnownFileType = sourcecode.swift; path = RegisterController.swift; sourceTree = "<group>"; };
		0CD0FACB29AB4CAA000E76E8 /* AuthHeaderView.swift */ = {isa = PBXFileReference; lastKnownFileType = sourcecode.swift; path = AuthHeaderView.swift; sourceTree = "<group>"; };
		0CD447542A66342100021DD4 /* SheregeshPrice.swift */ = {isa = PBXFileReference; lastKnownFileType = sourcecode.swift; path = SheregeshPrice.swift; sourceTree = "<group>"; };
		0CD4475A2A666B9500021DD4 /* RosaKhutorPrice.swift */ = {isa = PBXFileReference; lastKnownFileType = sourcecode.swift; path = RosaKhutorPrice.swift; sourceTree = "<group>"; };
		0CD4475C2A66773300021DD4 /* SheregeshTimeWork.swift */ = {isa = PBXFileReference; lastKnownFileType = sourcecode.swift; path = SheregeshTimeWork.swift; sourceTree = "<group>"; };
		0CDBE0EE2AB97611009EAF9F /* SheregeshRent.swift */ = {isa = PBXFileReference; lastKnownFileType = sourcecode.swift; path = SheregeshRent.swift; sourceTree = "<group>"; };
		0CE7A2F02AB209F500A9AA91 /* InfrastructureInformationCell.swift */ = {isa = PBXFileReference; lastKnownFileType = sourcecode.swift; path = InfrastructureInformationCell.swift; sourceTree = "<group>"; };
		0CE882FA2AD685800087C3EA /* NetworkTest.swift */ = {isa = PBXFileReference; lastKnownFileType = sourcecode.swift; path = NetworkTest.swift; sourceTree = "<group>"; };
		0CF2F41529E1429800C82D57 /* SkiResorts.swift */ = {isa = PBXFileReference; lastKnownFileType = sourcecode.swift; path = SkiResorts.swift; sourceTree = "<group>"; };
		0CFC688F2ACD39B800AA38EB /* RosaKhutorHotels.swift */ = {isa = PBXFileReference; lastKnownFileType = sourcecode.swift; path = RosaKhutorHotels.swift; sourceTree = "<group>"; };
		0CFC68912ACD39FA00AA38EB /* RosaKhutorRent.swift */ = {isa = PBXFileReference; lastKnownFileType = sourcecode.swift; path = RosaKhutorRent.swift; sourceTree = "<group>"; };
		0CFDA63629BE223A00B7C6C4 /* User.swift */ = {isa = PBXFileReference; lastKnownFileType = sourcecode.swift; path = User.swift; sourceTree = "<group>"; };
		0CFF06902B9C8FA000D0DD42 /* InfoGroup.swift */ = {isa = PBXFileReference; lastKnownFileType = sourcecode.swift; path = InfoGroup.swift; sourceTree = "<group>"; };
		0CFF06922B9C8FF500D0DD42 /* SheregeshSkiResort.swift */ = {isa = PBXFileReference; lastKnownFileType = sourcecode.swift; path = SheregeshSkiResort.swift; sourceTree = "<group>"; };
		4EB7A360EB34C3B62C385F56 /* Pods-Snowboarding.debug.xcconfig */ = {isa = PBXFileReference; includeInIndex = 1; lastKnownFileType = text.xcconfig; name = "Pods-Snowboarding.debug.xcconfig"; path = "Target Support Files/Pods-Snowboarding/Pods-Snowboarding.debug.xcconfig"; sourceTree = "<group>"; };
		CF20CBD2D6A77472EC57EF91 /* Pods_Snowboarding.framework */ = {isa = PBXFileReference; explicitFileType = wrapper.framework; includeInIndex = 0; path = Pods_Snowboarding.framework; sourceTree = BUILT_PRODUCTS_DIR; };
		E4DC1BA342D0A2FF7904D8C4 /* Pods-Snowboarding.release.xcconfig */ = {isa = PBXFileReference; includeInIndex = 1; lastKnownFileType = text.xcconfig; name = "Pods-Snowboarding.release.xcconfig"; path = "Target Support Files/Pods-Snowboarding/Pods-Snowboarding.release.xcconfig"; sourceTree = "<group>"; };
/* End PBXFileReference section */

/* Begin PBXFrameworksBuildPhase section */
		0CD0FA9B29AB3667000E76E8 /* Frameworks */ = {
			isa = PBXFrameworksBuildPhase;
			buildActionMask = 2147483647;
			files = (
				FE3616039948CE99AC241D1C /* Pods_Snowboarding.framework in Frameworks */,
			);
			runOnlyForDeploymentPostprocessing = 0;
		};
/* End PBXFrameworksBuildPhase section */

/* Begin PBXGroup section */
		0C0CD1432AB43DA40098696C /* Sheregesh */ = {
			isa = PBXGroup;
			children = (
				0CFF06922B9C8FF500D0DD42 /* SheregeshSkiResort.swift */,
				0CD447542A66342100021DD4 /* SheregeshPrice.swift */,
				0CD4475C2A66773300021DD4 /* SheregeshTimeWork.swift */,
				0C0CD1482AB43E780098696C /* SheregeshHotels.swift */,
				0CDBE0EE2AB97611009EAF9F /* SheregeshRent.swift */,
			);
			path = Sheregesh;
			sourceTree = "<group>";
		};
		0C0CD1452AB43DEE0098696C /* RosaKhutor */ = {
			isa = PBXGroup;
			children = (
				0C7B4EBF2B9DB9E900042A83 /* RosaKhutorSkiResort.swift */,
				0CD4475A2A666B9500021DD4 /* RosaKhutorPrice.swift */,
				0C48538D2A67945100B245FC /* RosaKhutorTimeWork.swift */,
				0CFC688F2ACD39B800AA38EB /* RosaKhutorHotels.swift */,
				0CFC68912ACD39FA00AA38EB /* RosaKhutorRent.swift */,
			);
			path = RosaKhutor;
			sourceTree = "<group>";
		};
		0C0CD1462AB43E150098696C /* Dombai */ = {
			isa = PBXGroup;
			children = (
				0C4853912A67B1E400B245FC /* DombaiPrice.swift */,
				0C0F18472B9DE4360009E020 /* DombaiSkiResort.swift */,
				0C8FC40B2A68E50E002FDD45 /* DombaiTimeWork.swift */,
				0C341B062ABC181D00A7595F /* DombaiHotelsVC.swift */,
				0C341B0C2ABC22FB00A7595F /* DombaiRent.swift */,
			);
			path = Dombai;
			sourceTree = "<group>";
		};
		0C0CD1472AB43E350098696C /* Arhyz */ = {
			isa = PBXGroup;
			children = (
				0C4853972A67B6C000B245FC /* ArhyzPrice.swift */,
				0C0F18452B9DE4140009E020 /* ArhyzSkiResort.swift */,
				0C8FC40F2A68E9F0002FDD45 /* ArhyzTimeWork.swift */,
				0C341B122ABC37F900A7595F /* ArhyzHotels.swift */,
				0C1250272AC29499008D4BCF /* ArhyzRent.swift */,
			);
			path = Arhyz;
			sourceTree = "<group>";
		};
		0C0CD14A2AB459F20098696C /* Cell */ = {
			isa = PBXGroup;
			children = (
				0C43E8D129FD3B6400C3980D /* ChoiceOfSkiResortCell.swift */,
				0CE7A2F02AB209F500A9AA91 /* InfrastructureInformationCell.swift */,
				0C8FC4132A6D069C002FDD45 /* PriceTableViewCell.swift */,
				0C61E3352A6D093C0088372E /* TimeWorkTableViewCell.swift */,
				0C0CD14B2AB45A220098696C /* HotelsCollectionViewCell.swift */,
			);
			path = Cell;
			sourceTree = "<group>";
		};
		0C2E0F262B13199A00B497A7 /* ElbrusRegion */ = {
			isa = PBXGroup;
			children = (
				0C7B4EC72B9DD89900042A83 /* ElbrusSkiResort.swift */,
				0C2E0F272B1319B100B497A7 /* ElbrusRegionPrice.swift */,
				0C2E0F292B1319BC00B497A7 /* ElbrusRegionTimeWork.swift */,
				0C2E0F2D2B1319D200B497A7 /* ElbrusRegionHotels.swift */,
				0C2E0F2F2B1319DB00B497A7 /* ElbrusRegionRent.swift */,
			);
			path = ElbrusRegion;
			sourceTree = "<group>";
		};
		0C46D0BC2AF4B216002A2A11 /* BigWood */ = {
			isa = PBXGroup;
			children = (
				0C7B4EC52B9DD75500042A83 /* BigWoodSkiResort.swift */,
				0C46D0BF2AF4B23D002A2A11 /* BigWoodPrice.swift */,
				0C46D0C12AF4C720002A2A11 /* BigWoodTimeWork.swift */,
				0CA5FC132B01014700FD2B21 /* BigWoodHotels.swift */,
				0CA5FC152B01015700FD2B21 /* BigWoodRent.swift */,
			);
			path = BigWood;
			sourceTree = "<group>";
		};
		0CD0FA9529AB3667000E76E8 = {
			isa = PBXGroup;
			children = (
				0CD0FAA029AB3667000E76E8 /* Snowboarding */,
				0CD0FA9F29AB3667000E76E8 /* Products */,
				4F05A5A18E032C46E36A8DA1 /* Pods */,
				59597EA272560267CB7D90B5 /* Frameworks */,
			);
			sourceTree = "<group>";
		};
		0CD0FA9F29AB3667000E76E8 /* Products */ = {
			isa = PBXGroup;
			children = (
				0CD0FA9E29AB3667000E76E8 /* Snowboarding.app */,
			);
			name = Products;
			sourceTree = "<group>";
		};
		0CD0FAA029AB3667000E76E8 /* Snowboarding */ = {
			isa = PBXGroup;
			children = (
				0CD0FAAA29AB3668000E76E8 /* Assets.xcassets */,
				0CD0FAAF29AB3668000E76E8 /* Info.plist */,
				0CD0FABC29AB3888000E76E8 /* GoogleService-Info.plist */,
				0CD0FAA129AB3667000E76E8 /* AppDelegate.swift */,
				0CD0FAA329AB3667000E76E8 /* SceneDelegate.swift */,
				0C850E8B29AE446E00C6AB10 /* WebViewerController.swift */,
				0C584F8B29B4C89100A5A8EC /* AlertManager.swift */,
				0CD0FAC829AB4C23000E76E8 /* Views */,
				0CD0FAB629AB3688000E76E8 /* Controller */,
				0CD0FAB529AB3679000E76E8 /* Model */,
				0CF770BE2A19334800B8730D /* Network */,
				0CD0FAB729AB36A8000E76E8 /* Support */,
			);
			path = Snowboarding;
			sourceTree = "<group>";
		};
		0CD0FAB529AB3679000E76E8 /* Model */ = {
			isa = PBXGroup;
			children = (
				0CD0FABA29AB3739000E76E8 /* AuthService.swift */,
				0CD0FAB829AB36F5000E76E8 /* RegiserUserRequest.swift */,
				0C87395F29BDB61B0007CFC3 /* LoginUserRequest.swift */,
				0CFDA63629BE223A00B7C6C4 /* User.swift */,
				0C87396129BDDCF00007CFC3 /* Validator.swift */,
				0C25D3A62B9770BF0067183A /* ModelSkiResort.swift */,
				0C0BF46F2ACFF7FF00FBE18B /* AllHotels.swift */,
				0C0BF4732ACFF9A200FBE18B /* AllRents.swift */,
				0CA5FC0F2B0100D000FD2B21 /* AllTimeWork.swift */,
				0CA5FC112B0100DC00FD2B21 /* AllPrice.swift */,
				0CFF06902B9C8FA000D0DD42 /* InfoGroup.swift */,
				0C7B4EBD2B9DB98300042A83 /* AllInfo.swift */,
				0CD447532A6633A500021DD4 /* Ski */,
			);
			path = Model;
			sourceTree = "<group>";
		};
		0CD0FAB629AB3688000E76E8 /* Controller */ = {
			isa = PBXGroup;
			children = (
				0CD0FABE29AB49F2000E76E8 /* LoginController.swift */,
				0CD0FAC429AB4A4F000E76E8 /* RegisterController.swift */,
				0CD0FAC029AB4A20000E76E8 /* ForgotPasswordController.swift */,
				0C899C782A03E8820038542E /* HomeViewController.swift */,
				0C23022D2AC3CE5800074B48 /* SettingsViewController.swift */,
				0C7539FF2ACBB9F800651FA0 /* MapViewController.swift */,
				0C0BF46D2ACFEF9D00FBE18B /* HotelsViewController.swift */,
				0C0BF4712ACFF89600FBE18B /* RentViewController.swift */,
				0CA5FC0B2B0100A100FD2B21 /* TimeTableViewController.swift */,
				0CA5FC0D2B0100AF00FD2B21 /* PriceTableViewController.swift */,
				0C25D39B2B97095F0067183A /* SkiResotViewController.swift */,
				0C03355C2C7B751500CCE0CB /* SkiResortTest.swift */,
			);
			path = Controller;
			sourceTree = "<group>";
		};
		0CD0FAB729AB36A8000E76E8 /* Support */ = {
			isa = PBXGroup;
			children = (
				0CD0FAAC29AB3668000E76E8 /* LaunchScreen.storyboard */,
				0CABCB6A2A113B4400620FE4 /* extension.swift */,
			);
			path = Support;
			sourceTree = "<group>";
		};
		0CD0FAC829AB4C23000E76E8 /* Views */ = {
			isa = PBXGroup;
			children = (
				0CD0FACB29AB4CAA000E76E8 /* AuthHeaderView.swift */,
				0C1DC26C29AB92DF004F3FDC /* CustomTextField.swift */,
				0C1DC26E29ABB802004F3FDC /* CustomButtons.swift */,
				0CA50CB329D2E6330094C74C /* CustomLabel.swift */,
				0C7539FD2ACA790200651FA0 /* YBaseMapView.swift */,
				0C0CD14A2AB459F20098696C /* Cell */,
			);
			path = Views;
			sourceTree = "<group>";
		};
		0CD447532A6633A500021DD4 /* Ski */ = {
			isa = PBXGroup;
			children = (
				0CF2F41529E1429800C82D57 /* SkiResorts.swift */,
				0C2E0F262B13199A00B497A7 /* ElbrusRegion */,
				0C46D0BC2AF4B216002A2A11 /* BigWood */,
				0C0CD1472AB43E350098696C /* Arhyz */,
				0C0CD1462AB43E150098696C /* Dombai */,
				0C0CD1452AB43DEE0098696C /* RosaKhutor */,
				0C0CD1432AB43DA40098696C /* Sheregesh */,
			);
			path = Ski;
			sourceTree = "<group>";
		};
		0CF770BE2A19334800B8730D /* Network */ = {
			isa = PBXGroup;
			children = (
				0CBC54B32A10BC2800B1B6A9 /* NetworkModel.swift */,
				0CBC54B72A10C2DB00B1B6A9 /* API.swift */,
				0CBC54B52A10C15100B1B6A9 /* NetworkManager.swift */,
				0CE882FA2AD685800087C3EA /* NetworkTest.swift */,
				0C03355E2C7B8C0600CCE0CB /* ImageManager.swift */,
			);
			path = Network;
			sourceTree = "<group>";
		};
		4F05A5A18E032C46E36A8DA1 /* Pods */ = {
			isa = PBXGroup;
			children = (
				4EB7A360EB34C3B62C385F56 /* Pods-Snowboarding.debug.xcconfig */,
				E4DC1BA342D0A2FF7904D8C4 /* Pods-Snowboarding.release.xcconfig */,
			);
			path = Pods;
			sourceTree = "<group>";
		};
		59597EA272560267CB7D90B5 /* Frameworks */ = {
			isa = PBXGroup;
			children = (
				CF20CBD2D6A77472EC57EF91 /* Pods_Snowboarding.framework */,
			);
			name = Frameworks;
			sourceTree = "<group>";
		};
/* End PBXGroup section */

/* Begin PBXNativeTarget section */
		0CD0FA9D29AB3667000E76E8 /* Snowboarding */ = {
			isa = PBXNativeTarget;
			buildConfigurationList = 0CD0FAB229AB3668000E76E8 /* Build configuration list for PBXNativeTarget "Snowboarding" */;
			buildPhases = (
				BD00D12B65A83CB47435439B /* [CP] Check Pods Manifest.lock */,
				0CD0FA9A29AB3667000E76E8 /* Sources */,
				0CD0FA9B29AB3667000E76E8 /* Frameworks */,
				0CD0FA9C29AB3667000E76E8 /* Resources */,
				2B4C71AA66A157729225898C /* [CP] Embed Pods Frameworks */,
				E8F474FEC31B4C63D91A30FF /* [CP] Copy Pods Resources */,
			);
			buildRules = (
			);
			dependencies = (
			);
			name = Snowboarding;
			productName = Snowboarding;
			productReference = 0CD0FA9E29AB3667000E76E8 /* Snowboarding.app */;
			productType = "com.apple.product-type.application";
		};
/* End PBXNativeTarget section */

/* Begin PBXProject section */
		0CD0FA9629AB3667000E76E8 /* Project object */ = {
			isa = PBXProject;
			attributes = {
				BuildIndependentTargetsInParallel = 1;
				LastSwiftUpdateCheck = 1420;
				LastUpgradeCheck = 1420;
				TargetAttributes = {
					0CD0FA9D29AB3667000E76E8 = {
						CreatedOnToolsVersion = 14.2;
					};
				};
			};
			buildConfigurationList = 0CD0FA9929AB3667000E76E8 /* Build configuration list for PBXProject "Snowboarding" */;
			compatibilityVersion = "Xcode 14.0";
			developmentRegion = ru;
			hasScannedForEncodings = 0;
			knownRegions = (
				en,
				Base,
				ru,
			);
			mainGroup = 0CD0FA9529AB3667000E76E8;
			productRefGroup = 0CD0FA9F29AB3667000E76E8 /* Products */;
			projectDirPath = "";
			projectRoot = "";
			targets = (
				0CD0FA9D29AB3667000E76E8 /* Snowboarding */,
			);
		};
/* End PBXProject section */

/* Begin PBXResourcesBuildPhase section */
		0CD0FA9C29AB3667000E76E8 /* Resources */ = {
			isa = PBXResourcesBuildPhase;
			buildActionMask = 2147483647;
			files = (
				0CD0FAAE29AB3668000E76E8 /* LaunchScreen.storyboard in Resources */,
				0CD0FABD29AB3888000E76E8 /* GoogleService-Info.plist in Resources */,
				0CD0FAAB29AB3668000E76E8 /* Assets.xcassets in Resources */,
			);
			runOnlyForDeploymentPostprocessing = 0;
		};
/* End PBXResourcesBuildPhase section */

/* Begin PBXShellScriptBuildPhase section */
		2B4C71AA66A157729225898C /* [CP] Embed Pods Frameworks */ = {
			isa = PBXShellScriptBuildPhase;
			buildActionMask = 2147483647;
			files = (
			);
			inputFileListPaths = (
				"${PODS_ROOT}/Target Support Files/Pods-Snowboarding/Pods-Snowboarding-frameworks-${CONFIGURATION}-input-files.xcfilelist",
			);
			name = "[CP] Embed Pods Frameworks";
			outputFileListPaths = (
				"${PODS_ROOT}/Target Support Files/Pods-Snowboarding/Pods-Snowboarding-frameworks-${CONFIGURATION}-output-files.xcfilelist",
			);
			runOnlyForDeploymentPostprocessing = 0;
			shellPath = /bin/sh;
			shellScript = "\"${PODS_ROOT}/Target Support Files/Pods-Snowboarding/Pods-Snowboarding-frameworks.sh\"\n";
			showEnvVarsInLog = 0;
		};
		BD00D12B65A83CB47435439B /* [CP] Check Pods Manifest.lock */ = {
			isa = PBXShellScriptBuildPhase;
			buildActionMask = 2147483647;
			files = (
			);
			inputFileListPaths = (
			);
			inputPaths = (
				"${PODS_PODFILE_DIR_PATH}/Podfile.lock",
				"${PODS_ROOT}/Manifest.lock",
			);
			name = "[CP] Check Pods Manifest.lock";
			outputFileListPaths = (
			);
			outputPaths = (
				"$(DERIVED_FILE_DIR)/Pods-Snowboarding-checkManifestLockResult.txt",
			);
			runOnlyForDeploymentPostprocessing = 0;
			shellPath = /bin/sh;
			shellScript = "diff \"${PODS_PODFILE_DIR_PATH}/Podfile.lock\" \"${PODS_ROOT}/Manifest.lock\" > /dev/null\nif [ $? != 0 ] ; then\n    # print error to STDERR\n    echo \"error: The sandbox is not in sync with the Podfile.lock. Run 'pod install' or update your CocoaPods installation.\" >&2\n    exit 1\nfi\n# This output is used by Xcode 'outputs' to avoid re-running this script phase.\necho \"SUCCESS\" > \"${SCRIPT_OUTPUT_FILE_0}\"\n";
			showEnvVarsInLog = 0;
		};
		E8F474FEC31B4C63D91A30FF /* [CP] Copy Pods Resources */ = {
			isa = PBXShellScriptBuildPhase;
			buildActionMask = 2147483647;
			files = (
			);
			inputFileListPaths = (
				"${PODS_ROOT}/Target Support Files/Pods-Snowboarding/Pods-Snowboarding-resources-${CONFIGURATION}-input-files.xcfilelist",
			);
			name = "[CP] Copy Pods Resources";
			outputFileListPaths = (
				"${PODS_ROOT}/Target Support Files/Pods-Snowboarding/Pods-Snowboarding-resources-${CONFIGURATION}-output-files.xcfilelist",
			);
			runOnlyForDeploymentPostprocessing = 0;
			shellPath = /bin/sh;
			shellScript = "\"${PODS_ROOT}/Target Support Files/Pods-Snowboarding/Pods-Snowboarding-resources.sh\"\n";
			showEnvVarsInLog = 0;
		};
/* End PBXShellScriptBuildPhase section */

/* Begin PBXSourcesBuildPhase section */
		0CD0FA9A29AB3667000E76E8 /* Sources */ = {
			isa = PBXSourcesBuildPhase;
			buildActionMask = 2147483647;
			files = (
				0CA5FC0C2B0100A100FD2B21 /* TimeTableViewController.swift in Sources */,
				0CFF06932B9C8FF500D0DD42 /* SheregeshSkiResort.swift in Sources */,
				0C2E0F282B1319B100B497A7 /* ElbrusRegionPrice.swift in Sources */,
				0CA5FC122B0100DC00FD2B21 /* AllPrice.swift in Sources */,
				0CA5FC0E2B0100AF00FD2B21 /* PriceTableViewController.swift in Sources */,
				0CA5FC142B01014700FD2B21 /* BigWoodHotels.swift in Sources */,
				0CBC54B62A10C15100B1B6A9 /* NetworkManager.swift in Sources */,
				0C899C792A03E8820038542E /* HomeViewController.swift in Sources */,
				0CD0FABF29AB49F2000E76E8 /* LoginController.swift in Sources */,
				0CFF06912B9C8FA000D0DD42 /* InfoGroup.swift in Sources */,
				0C0BF4742ACFF9A200FBE18B /* AllRents.swift in Sources */,
				0C850E8C29AE446E00C6AB10 /* WebViewerController.swift in Sources */,
				0C7B4EC62B9DD75500042A83 /* BigWoodSkiResort.swift in Sources */,
				0C1DC26F29ABB802004F3FDC /* CustomButtons.swift in Sources */,
				0C61E3362A6D093C0088372E /* TimeWorkTableViewCell.swift in Sources */,
				0CBC54B82A10C2DB00B1B6A9 /* API.swift in Sources */,
				0CD0FAC129AB4A20000E76E8 /* ForgotPasswordController.swift in Sources */,
				0C2E0F2E2B1319D200B497A7 /* ElbrusRegionHotels.swift in Sources */,
				0C25D3A72B9770BF0067183A /* ModelSkiResort.swift in Sources */,
				0C48538E2A67945100B245FC /* RosaKhutorTimeWork.swift in Sources */,
				0C753A002ACBB9F800651FA0 /* MapViewController.swift in Sources */,
				0CA5FC102B0100D000FD2B21 /* AllTimeWork.swift in Sources */,
				0CFDA63729BE223A00B7C6C4 /* User.swift in Sources */,
				0C7B4EC82B9DD89900042A83 /* ElbrusSkiResort.swift in Sources */,
				0C7B4EC02B9DB9E900042A83 /* RosaKhutorSkiResort.swift in Sources */,
				0CE7A2F12AB209F500A9AA91 /* InfrastructureInformationCell.swift in Sources */,
				0CA50CB429D2E6330094C74C /* CustomLabel.swift in Sources */,
				0C0BF46E2ACFEF9D00FBE18B /* HotelsViewController.swift in Sources */,
				0C1250282AC29499008D4BCF /* ArhyzRent.swift in Sources */,
				0CFC68902ACD39B800AA38EB /* RosaKhutorHotels.swift in Sources */,
				0CABCB6B2A113B4400620FE4 /* extension.swift in Sources */,
				0CD447552A66342100021DD4 /* SheregeshPrice.swift in Sources */,
				0C25D39C2B97095F0067183A /* SkiResotViewController.swift in Sources */,
				0C87396029BDB61B0007CFC3 /* LoginUserRequest.swift in Sources */,
				0C0CD1492AB43E780098696C /* SheregeshHotels.swift in Sources */,
				0C8FC4102A68E9F0002FDD45 /* ArhyzTimeWork.swift in Sources */,
				0C7539FE2ACA790200651FA0 /* YBaseMapView.swift in Sources */,
				0C2E0F2A2B1319BC00B497A7 /* ElbrusRegionTimeWork.swift in Sources */,
				0CDBE0EF2AB97611009EAF9F /* SheregeshRent.swift in Sources */,
				0CD0FAB929AB36F5000E76E8 /* RegiserUserRequest.swift in Sources */,
				0C46D0C22AF4C720002A2A11 /* BigWoodTimeWork.swift in Sources */,
				0C43E8D229FD3B6400C3980D /* ChoiceOfSkiResortCell.swift in Sources */,
				0C584F8C29B4C89100A5A8EC /* AlertManager.swift in Sources */,
				0C87396229BDDCF00007CFC3 /* Validator.swift in Sources */,
				0C341B0D2ABC22FB00A7595F /* DombaiRent.swift in Sources */,
				0CD0FAC529AB4A4F000E76E8 /* RegisterController.swift in Sources */,
				0C4853922A67B1E400B245FC /* DombaiPrice.swift in Sources */,
				0CBC54B42A10BC2800B1B6A9 /* NetworkModel.swift in Sources */,
				0C1DC26D29AB92DF004F3FDC /* CustomTextField.swift in Sources */,
				0CD0FACC29AB4CAA000E76E8 /* AuthHeaderView.swift in Sources */,
				0CD0FABB29AB3739000E76E8 /* AuthService.swift in Sources */,
				0C8FC40C2A68E50E002FDD45 /* DombaiTimeWork.swift in Sources */,
				0CE882FB2AD685800087C3EA /* NetworkTest.swift in Sources */,
				0CD0FAA229AB3667000E76E8 /* AppDelegate.swift in Sources */,
				0CD4475B2A666B9500021DD4 /* RosaKhutorPrice.swift in Sources */,
				0C341B072ABC181D00A7595F /* DombaiHotelsVC.swift in Sources */,
				0CD4475D2A66773300021DD4 /* SheregeshTimeWork.swift in Sources */,
				0C341B132ABC37F900A7595F /* ArhyzHotels.swift in Sources */,
				0C03355F2C7B8C0600CCE0CB /* ImageManager.swift in Sources */,
				0C4853982A67B6C000B245FC /* ArhyzPrice.swift in Sources */,
				0C0F18482B9DE4360009E020 /* DombaiSkiResort.swift in Sources */,
				0C0CD14C2AB45A220098696C /* HotelsCollectionViewCell.swift in Sources */,
				0C8FC4142A6D069C002FDD45 /* PriceTableViewCell.swift in Sources */,
				0C03355D2C7B751500CCE0CB /* SkiResortTest.swift in Sources */,
				0CFC68922ACD39FA00AA38EB /* RosaKhutorRent.swift in Sources */,
				0C7B4EBE2B9DB98300042A83 /* AllInfo.swift in Sources */,
				0C23022E2AC3CE5800074B48 /* SettingsViewController.swift in Sources */,
				0CA5FC162B01015700FD2B21 /* BigWoodRent.swift in Sources */,
				0C0BF4722ACFF89600FBE18B /* RentViewController.swift in Sources */,
				0C0F18462B9DE4140009E020 /* ArhyzSkiResort.swift in Sources */,
				0CD0FAA429AB3667000E76E8 /* SceneDelegate.swift in Sources */,
				0C46D0C02AF4B23D002A2A11 /* BigWoodPrice.swift in Sources */,
				0C0BF4702ACFF7FF00FBE18B /* AllHotels.swift in Sources */,
				0C2E0F302B1319DB00B497A7 /* ElbrusRegionRent.swift in Sources */,
				0CF2F41629E1429800C82D57 /* SkiResorts.swift in Sources */,
			);
			runOnlyForDeploymentPostprocessing = 0;
		};
/* End PBXSourcesBuildPhase section */

/* Begin PBXVariantGroup section */
		0CD0FAAC29AB3668000E76E8 /* LaunchScreen.storyboard */ = {
			isa = PBXVariantGroup;
			children = (
				0CD0FAAD29AB3668000E76E8 /* Base */,
				0C5918B32A7A47DF00313D84 /* ru */,
			);
			name = LaunchScreen.storyboard;
			sourceTree = "<group>";
		};
/* End PBXVariantGroup section */

/* Begin XCBuildConfiguration section */
		0CD0FAB029AB3668000E76E8 /* Debug */ = {
			isa = XCBuildConfiguration;
			buildSettings = {
				ALWAYS_SEARCH_USER_PATHS = NO;
				CLANG_ANALYZER_LOCALIZABILITY_NONLOCALIZED = YES;
				CLANG_ANALYZER_NONNULL = YES;
				CLANG_ANALYZER_NUMBER_OBJECT_CONVERSION = YES_AGGRESSIVE;
				CLANG_CXX_LANGUAGE_STANDARD = "gnu++20";
				CLANG_ENABLE_MODULES = YES;
				CLANG_ENABLE_OBJC_ARC = YES;
				CLANG_ENABLE_OBJC_WEAK = YES;
				CLANG_WARN_BLOCK_CAPTURE_AUTORELEASING = YES;
				CLANG_WARN_BOOL_CONVERSION = YES;
				CLANG_WARN_COMMA = YES;
				CLANG_WARN_CONSTANT_CONVERSION = YES;
				CLANG_WARN_DEPRECATED_OBJC_IMPLEMENTATIONS = YES;
				CLANG_WARN_DIRECT_OBJC_ISA_USAGE = YES_ERROR;
				CLANG_WARN_DOCUMENTATION_COMMENTS = YES;
				CLANG_WARN_EMPTY_BODY = YES;
				CLANG_WARN_ENUM_CONVERSION = YES;
				CLANG_WARN_INFINITE_RECURSION = YES;
				CLANG_WARN_INT_CONVERSION = YES;
				CLANG_WARN_NON_LITERAL_NULL_CONVERSION = YES;
				CLANG_WARN_OBJC_IMPLICIT_RETAIN_SELF = YES;
				CLANG_WARN_OBJC_LITERAL_CONVERSION = YES;
				CLANG_WARN_OBJC_ROOT_CLASS = YES_ERROR;
				CLANG_WARN_QUOTED_INCLUDE_IN_FRAMEWORK_HEADER = YES;
				CLANG_WARN_RANGE_LOOP_ANALYSIS = YES;
				CLANG_WARN_STRICT_PROTOTYPES = YES;
				CLANG_WARN_SUSPICIOUS_MOVE = YES;
				CLANG_WARN_UNGUARDED_AVAILABILITY = YES_AGGRESSIVE;
				CLANG_WARN_UNREACHABLE_CODE = YES;
				CLANG_WARN__DUPLICATE_METHOD_MATCH = YES;
				COPY_PHASE_STRIP = NO;
				DEBUG_INFORMATION_FORMAT = dwarf;
				ENABLE_STRICT_OBJC_MSGSEND = YES;
				ENABLE_TESTABILITY = YES;
				GCC_C_LANGUAGE_STANDARD = gnu11;
				GCC_DYNAMIC_NO_PIC = NO;
				GCC_NO_COMMON_BLOCKS = YES;
				GCC_OPTIMIZATION_LEVEL = 0;
				GCC_PREPROCESSOR_DEFINITIONS = (
					"DEBUG=1",
					"$(inherited)",
				);
				GCC_WARN_64_TO_32_BIT_CONVERSION = YES;
				GCC_WARN_ABOUT_RETURN_TYPE = YES_ERROR;
				GCC_WARN_UNDECLARED_SELECTOR = YES;
				GCC_WARN_UNINITIALIZED_AUTOS = YES_AGGRESSIVE;
				GCC_WARN_UNUSED_FUNCTION = YES;
				GCC_WARN_UNUSED_VARIABLE = YES;
				IPHONEOS_DEPLOYMENT_TARGET = 16.2;
				MTL_ENABLE_DEBUG_INFO = INCLUDE_SOURCE;
				MTL_FAST_MATH = YES;
				ONLY_ACTIVE_ARCH = YES;
				SDKROOT = iphoneos;
				SWIFT_ACTIVE_COMPILATION_CONDITIONS = DEBUG;
				SWIFT_OPTIMIZATION_LEVEL = "-Onone";
			};
			name = Debug;
		};
		0CD0FAB129AB3668000E76E8 /* Release */ = {
			isa = XCBuildConfiguration;
			buildSettings = {
				ALWAYS_SEARCH_USER_PATHS = NO;
				CLANG_ANALYZER_LOCALIZABILITY_NONLOCALIZED = YES;
				CLANG_ANALYZER_NONNULL = YES;
				CLANG_ANALYZER_NUMBER_OBJECT_CONVERSION = YES_AGGRESSIVE;
				CLANG_CXX_LANGUAGE_STANDARD = "gnu++20";
				CLANG_ENABLE_MODULES = YES;
				CLANG_ENABLE_OBJC_ARC = YES;
				CLANG_ENABLE_OBJC_WEAK = YES;
				CLANG_WARN_BLOCK_CAPTURE_AUTORELEASING = YES;
				CLANG_WARN_BOOL_CONVERSION = YES;
				CLANG_WARN_COMMA = YES;
				CLANG_WARN_CONSTANT_CONVERSION = YES;
				CLANG_WARN_DEPRECATED_OBJC_IMPLEMENTATIONS = YES;
				CLANG_WARN_DIRECT_OBJC_ISA_USAGE = YES_ERROR;
				CLANG_WARN_DOCUMENTATION_COMMENTS = YES;
				CLANG_WARN_EMPTY_BODY = YES;
				CLANG_WARN_ENUM_CONVERSION = YES;
				CLANG_WARN_INFINITE_RECURSION = YES;
				CLANG_WARN_INT_CONVERSION = YES;
				CLANG_WARN_NON_LITERAL_NULL_CONVERSION = YES;
				CLANG_WARN_OBJC_IMPLICIT_RETAIN_SELF = YES;
				CLANG_WARN_OBJC_LITERAL_CONVERSION = YES;
				CLANG_WARN_OBJC_ROOT_CLASS = YES_ERROR;
				CLANG_WARN_QUOTED_INCLUDE_IN_FRAMEWORK_HEADER = YES;
				CLANG_WARN_RANGE_LOOP_ANALYSIS = YES;
				CLANG_WARN_STRICT_PROTOTYPES = YES;
				CLANG_WARN_SUSPICIOUS_MOVE = YES;
				CLANG_WARN_UNGUARDED_AVAILABILITY = YES_AGGRESSIVE;
				CLANG_WARN_UNREACHABLE_CODE = YES;
				CLANG_WARN__DUPLICATE_METHOD_MATCH = YES;
				COPY_PHASE_STRIP = NO;
				DEBUG_INFORMATION_FORMAT = "dwarf-with-dsym";
				ENABLE_NS_ASSERTIONS = NO;
				ENABLE_STRICT_OBJC_MSGSEND = YES;
				GCC_C_LANGUAGE_STANDARD = gnu11;
				GCC_NO_COMMON_BLOCKS = YES;
				GCC_WARN_64_TO_32_BIT_CONVERSION = YES;
				GCC_WARN_ABOUT_RETURN_TYPE = YES_ERROR;
				GCC_WARN_UNDECLARED_SELECTOR = YES;
				GCC_WARN_UNINITIALIZED_AUTOS = YES_AGGRESSIVE;
				GCC_WARN_UNUSED_FUNCTION = YES;
				GCC_WARN_UNUSED_VARIABLE = YES;
				IPHONEOS_DEPLOYMENT_TARGET = 16.2;
				MTL_ENABLE_DEBUG_INFO = NO;
				MTL_FAST_MATH = YES;
				SDKROOT = iphoneos;
				SWIFT_COMPILATION_MODE = wholemodule;
				SWIFT_OPTIMIZATION_LEVEL = "-O";
				VALIDATE_PRODUCT = YES;
			};
			name = Release;
		};
		0CD0FAB329AB3668000E76E8 /* Debug */ = {
			isa = XCBuildConfiguration;
			baseConfigurationReference = 4EB7A360EB34C3B62C385F56 /* Pods-Snowboarding.debug.xcconfig */;
			buildSettings = {
				ASSETCATALOG_COMPILER_APPICON_NAME = AppIcon;
				ASSETCATALOG_COMPILER_GLOBAL_ACCENT_COLOR_NAME = AccentColor;
				CODE_SIGN_STYLE = Automatic;
				CURRENT_PROJECT_VERSION = 1;
				DEVELOPMENT_TEAM = 8YUV48A6RV;
				GENERATE_INFOPLIST_FILE = YES;
				INFOPLIST_FILE = Snowboarding/Info.plist;
				INFOPLIST_KEY_UIApplicationSupportsIndirectInputEvents = YES;
				INFOPLIST_KEY_UILaunchStoryboardName = LaunchScreen;
				INFOPLIST_KEY_UISupportedInterfaceOrientations = UIInterfaceOrientationPortrait;
				INFOPLIST_KEY_UISupportedInterfaceOrientations_iPad = "UIInterfaceOrientationLandscapeLeft UIInterfaceOrientationLandscapeRight UIInterfaceOrientationPortrait UIInterfaceOrientationPortraitUpsideDown";
				INFOPLIST_KEY_UIUserInterfaceStyle = Light;
				IPHONEOS_DEPLOYMENT_TARGET = 16.0;
				LD_RUNPATH_SEARCH_PATHS = (
					"$(inherited)",
					"@executable_path/Frameworks",
				);
				MARKETING_VERSION = 1.0;
				PRODUCT_BUNDLE_IDENTIFIER = ru.Snowboarding;
				PRODUCT_NAME = "$(TARGET_NAME)";
				SUPPORTED_PLATFORMS = "iphoneos iphonesimulator";
				SUPPORTS_MACCATALYST = NO;
				SUPPORTS_MAC_DESIGNED_FOR_IPHONE_IPAD = NO;
				SWIFT_EMIT_LOC_STRINGS = YES;
				SWIFT_VERSION = 5.0;
				TARGETED_DEVICE_FAMILY = "1,2";
			};
			name = Debug;
		};
		0CD0FAB429AB3668000E76E8 /* Release */ = {
			isa = XCBuildConfiguration;
			baseConfigurationReference = E4DC1BA342D0A2FF7904D8C4 /* Pods-Snowboarding.release.xcconfig */;
			buildSettings = {
				ASSETCATALOG_COMPILER_APPICON_NAME = AppIcon;
				ASSETCATALOG_COMPILER_GLOBAL_ACCENT_COLOR_NAME = AccentColor;
				CODE_SIGN_STYLE = Automatic;
				CURRENT_PROJECT_VERSION = 1;
				DEVELOPMENT_TEAM = 8YUV48A6RV;
				GENERATE_INFOPLIST_FILE = YES;
				INFOPLIST_FILE = Snowboarding/Info.plist;
				INFOPLIST_KEY_UIApplicationSupportsIndirectInputEvents = YES;
				INFOPLIST_KEY_UILaunchStoryboardName = LaunchScreen;
				INFOPLIST_KEY_UISupportedInterfaceOrientations = UIInterfaceOrientationPortrait;
				INFOPLIST_KEY_UISupportedInterfaceOrientations_iPad = "UIInterfaceOrientationLandscapeLeft UIInterfaceOrientationLandscapeRight UIInterfaceOrientationPortrait UIInterfaceOrientationPortraitUpsideDown";
				INFOPLIST_KEY_UIUserInterfaceStyle = Light;
				IPHONEOS_DEPLOYMENT_TARGET = 16.0;
				LD_RUNPATH_SEARCH_PATHS = (
					"$(inherited)",
					"@executable_path/Frameworks",
				);
				MARKETING_VERSION = 1.0;
				PRODUCT_BUNDLE_IDENTIFIER = ru.Snowboarding;
				PRODUCT_NAME = "$(TARGET_NAME)";
				SUPPORTED_PLATFORMS = "iphoneos iphonesimulator";
				SUPPORTS_MACCATALYST = NO;
				SUPPORTS_MAC_DESIGNED_FOR_IPHONE_IPAD = NO;
				SWIFT_EMIT_LOC_STRINGS = YES;
				SWIFT_VERSION = 5.0;
				TARGETED_DEVICE_FAMILY = "1,2";
			};
			name = Release;
		};
/* End XCBuildConfiguration section */

/* Begin XCConfigurationList section */
		0CD0FA9929AB3667000E76E8 /* Build configuration list for PBXProject "Snowboarding" */ = {
			isa = XCConfigurationList;
			buildConfigurations = (
				0CD0FAB029AB3668000E76E8 /* Debug */,
				0CD0FAB129AB3668000E76E8 /* Release */,
			);
			defaultConfigurationIsVisible = 0;
			defaultConfigurationName = Release;
		};
		0CD0FAB229AB3668000E76E8 /* Build configuration list for PBXNativeTarget "Snowboarding" */ = {
			isa = XCConfigurationList;
			buildConfigurations = (
				0CD0FAB329AB3668000E76E8 /* Debug */,
				0CD0FAB429AB3668000E76E8 /* Release */,
			);
			defaultConfigurationIsVisible = 0;
			defaultConfigurationName = Release;
		};
/* End XCConfigurationList section */
	};
	rootObject = 0CD0FA9629AB3667000E76E8 /* Project object */;
}
